// !$*UTF8*$!
{
	archiveVersion = 1;
	classes = {
	};
	objectVersion = 77;
	objects = {

/* Begin PBXContainerItemProxy section */
		0B9785DA2D892766000EB4FF /* PBXContainerItemProxy */ = {
			isa = PBXContainerItemProxy;
			containerPortal = 0B9785BA2D892765000EB4FF /* Project object */;
			proxyType = 1;
			remoteGlobalIDString = 0B9785C12D892765000EB4FF;
			remoteInfo = "\U0010FitMunity";
		};
		0B9785E42D892766000EB4FF /* PBXContainerItemProxy */ = {
			isa = PBXContainerItemProxy;
			containerPortal = 0B9785BA2D892765000EB4FF /* Project object */;
			proxyType = 1;
			remoteGlobalIDString = 0B9785C12D892765000EB4FF;
			remoteInfo = "\U0010FitMunity";
		};
/* End PBXContainerItemProxy section */

/* Begin PBXFileReference section */
		0B9785C22D892765000EB4FF /* FitMunity.app */ = {isa = PBXFileReference; explicitFileType = wrapper.application; includeInIndex = 0; path = "\U0010FitMunity.app"; sourceTree = BUILT_PRODUCTS_DIR; };
		0B9785D92D892766000EB4FF /* FitMunityTests.xctest */ = {isa = PBXFileReference; explicitFileType = wrapper.cfbundle; includeInIndex = 0; path = "\U0010FitMunityTests.xctest"; sourceTree = BUILT_PRODUCTS_DIR; };
		0B9785E32D892766000EB4FF /* FitMunityUITests.xctest */ = {isa = PBXFileReference; explicitFileType = wrapper.cfbundle; includeInIndex = 0; path = "\U0010FitMunityUITests.xctest"; sourceTree = BUILT_PRODUCTS_DIR; };
/* End PBXFileReference section */

/* Begin PBXFileSystemSynchronizedBuildFileExceptionSet section */
		0B9785EB2D892766000EB4FF /* Exceptions for "FitMunity" folder in "FitMunity" target */ = {
			isa = PBXFileSystemSynchronizedBuildFileExceptionSet;
			membershipExceptions = (
				Info.plist,
			);
			target = 0B9785C12D892765000EB4FF /* FitMunity */;
		};
/* End PBXFileSystemSynchronizedBuildFileExceptionSet section */

/* Begin PBXFileSystemSynchronizedRootGroup section */
		0B9785C42D892765000EB4FF /* FitMunity */ = {
			isa = PBXFileSystemSynchronizedRootGroup;
			exceptions = (
				0B9785EB2D892766000EB4FF /* Exceptions for "FitMunity" folder in "FitMunity" target */,
			);
			path = "\U0010FitMunity";
			sourceTree = "<group>";
		};
		0B9785DC2D892766000EB4FF /* FitMunityTests */ = {
			isa = PBXFileSystemSynchronizedRootGroup;
			path = "\U0010FitMunityTests";
			sourceTree = "<group>";
		};
		0B9785E62D892766000EB4FF /* FitMunityUITests */ = {
			isa = PBXFileSystemSynchronizedRootGroup;
			path = "\U0010FitMunityUITests";
			sourceTree = "<group>";
		};
/* End PBXFileSystemSynchronizedRootGroup section */

/* Begin PBXFrameworksBuildPhase section */
		0B9785BF2D892765000EB4FF /* Frameworks */ = {
			isa = PBXFrameworksBuildPhase;
			buildActionMask = 2147483647;
			files = (
			);
			runOnlyForDeploymentPostprocessing = 0;
		};
		0B9785D62D892766000EB4FF /* Frameworks */ = {
			isa = PBXFrameworksBuildPhase;
			buildActionMask = 2147483647;
			files = (
			);
			runOnlyForDeploymentPostprocessing = 0;
		};
		0B9785E02D892766000EB4FF /* Frameworks */ = {
			isa = PBXFrameworksBuildPhase;
			buildActionMask = 2147483647;
			files = (
			);
			runOnlyForDeploymentPostprocessing = 0;
		};
/* End PBXFrameworksBuildPhase section */

/* Begin PBXGroup section */
		0B9785B92D892765000EB4FF = {
			isa = PBXGroup;
			children = (
				0B9785C42D892765000EB4FF /* FitMunity */,
				0B9785DC2D892766000EB4FF /* FitMunityTests */,
				0B9785E62D892766000EB4FF /* FitMunityUITests */,
				0B9785C32D892765000EB4FF /* Products */,
			);
			sourceTree = "<group>";
		};
		0B9785C32D892765000EB4FF /* Products */ = {
			isa = PBXGroup;
			children = (
				0B9785C22D892765000EB4FF /* FitMunity.app */,
				0B9785D92D892766000EB4FF /* FitMunityTests.xctest */,
				0B9785E32D892766000EB4FF /* FitMunityUITests.xctest */,
			);
			name = Products;
			sourceTree = "<group>";
		};
/* End PBXGroup section */

/* Begin PBXNativeTarget section */
		0B9785C12D892765000EB4FF /* FitMunity */ = {
			isa = PBXNativeTarget;
			buildConfigurationList = 0B9785EC2D892766000EB4FF /* Build configuration list for PBXNativeTarget "FitMunity" */;
			buildPhases = (
				0B9785BE2D892765000EB4FF /* Sources */,
				0B9785BF2D892765000EB4FF /* Frameworks */,
				0B9785C02D892765000EB4FF /* Resources */,
			);
			buildRules = (
			);
			dependencies = (
			);
			fileSystemSynchronizedGroups = (
				0B9785C42D892765000EB4FF /* FitMunity */,
			);
			name = "\U0010FitMunity";
			packageProductDependencies = (
			);
			productName = "\U0010FitMunity";
			productReference = 0B9785C22D892765000EB4FF /* FitMunity.app */;
			productType = "com.apple.product-type.application";
		};
		0B9785D82D892766000EB4FF /* FitMunityTests */ = {
			isa = PBXNativeTarget;
			buildConfigurationList = 0B9785F12D892766000EB4FF /* Build configuration list for PBXNativeTarget "FitMunityTests" */;
			buildPhases = (
				0B9785D52D892766000EB4FF /* Sources */,
				0B9785D62D892766000EB4FF /* Frameworks */,
				0B9785D72D892766000EB4FF /* Resources */,
			);
			buildRules = (
			);
			dependencies = (
				0B9785DB2D892766000EB4FF /* PBXTargetDependency */,
			);
			fileSystemSynchronizedGroups = (
				0B9785DC2D892766000EB4FF /* FitMunityTests */,
			);
			name = "\U0010FitMunityTests";
			packageProductDependencies = (
			);
			productName = "\U0010FitMunityTests";
			productReference = 0B9785D92D892766000EB4FF /* FitMunityTests.xctest */;
			productType = "com.apple.product-type.bundle.unit-test";
		};
		0B9785E22D892766000EB4FF /* FitMunityUITests */ = {
			isa = PBXNativeTarget;
			buildConfigurationList = 0B9785F42D892766000EB4FF /* Build configuration list for PBXNativeTarget "FitMunityUITests" */;
			buildPhases = (
				0B9785DF2D892766000EB4FF /* Sources */,
				0B9785E02D892766000EB4FF /* Frameworks */,
				0B9785E12D892766000EB4FF /* Resources */,
			);
			buildRules = (
			);
			dependencies = (
				0B9785E52D892766000EB4FF /* PBXTargetDependency */,
			);
			fileSystemSynchronizedGroups = (
				0B9785E62D892766000EB4FF /* FitMunityUITests */,
			);
			name = "\U0010FitMunityUITests";
			packageProductDependencies = (
			);
			productName = "\U0010FitMunityUITests";
			productReference = 0B9785E32D892766000EB4FF /* FitMunityUITests.xctest */;
			productType = "com.apple.product-type.bundle.ui-testing";
		};
/* End PBXNativeTarget section */

/* Begin PBXProject section */
		0B9785BA2D892765000EB4FF /* Project object */ = {
			isa = PBXProject;
			attributes = {
				BuildIndependentTargetsInParallel = 1;
				LastSwiftUpdateCheck = 1620;
				LastUpgradeCheck = 1620;
				TargetAttributes = {
					0B9785C12D892765000EB4FF = {
						CreatedOnToolsVersion = 16.2;
					};
					0B9785D82D892766000EB4FF = {
						CreatedOnToolsVersion = 16.2;
						TestTargetID = 0B9785C12D892765000EB4FF;
					};
					0B9785E22D892766000EB4FF = {
						CreatedOnToolsVersion = 16.2;
						TestTargetID = 0B9785C12D892765000EB4FF;
					};
				};
			};
			buildConfigurationList = 0B9785BD2D892765000EB4FF /* Build configuration list for PBXProject "FitMunity" */;
			developmentRegion = en;
			hasScannedForEncodings = 0;
			knownRegions = (
				en,
				Base,
			);
			mainGroup = 0B9785B92D892765000EB4FF;
			minimizedProjectReferenceProxies = 1;
			preferredProjectObjectVersion = 77;
			productRefGroup = 0B9785C32D892765000EB4FF /* Products */;
			projectDirPath = "";
			projectRoot = "";
			targets = (
				0B9785C12D892765000EB4FF /* FitMunity */,
				0B9785D82D892766000EB4FF /* FitMunityTests */,
				0B9785E22D892766000EB4FF /* FitMunityUITests */,
			);
		};
/* End PBXProject section */

/* Begin PBXResourcesBuildPhase section */
		0B9785C02D892765000EB4FF /* Resources */ = {
			isa = PBXResourcesBuildPhase;
			buildActionMask = 2147483647;
			files = (
			);
			runOnlyForDeploymentPostprocessing = 0;
		};
		0B9785D72D892766000EB4FF /* Resources */ = {
			isa = PBXResourcesBuildPhase;
			buildActionMask = 2147483647;
			files = (
			);
			runOnlyForDeploymentPostprocessing = 0;
		};
		0B9785E12D892766000EB4FF /* Resources */ = {
			isa = PBXResourcesBuildPhase;
			buildActionMask = 2147483647;
			files = (
			);
			runOnlyForDeploymentPostprocessing = 0;
		};
/* End PBXResourcesBuildPhase section */

/* Begin PBXSourcesBuildPhase section */
		0B9785BE2D892765000EB4FF /* Sources */ = {
			isa = PBXSourcesBuildPhase;
			buildActionMask = 2147483647;
			files = (
			);
			runOnlyForDeploymentPostprocessing = 0;
		};
		0B9785D52D892766000EB4FF /* Sources */ = {
			isa = PBXSourcesBuildPhase;
			buildActionMask = 2147483647;
			files = (
			);
			runOnlyForDeploymentPostprocessing = 0;
		};
		0B9785DF2D892766000EB4FF /* Sources */ = {
			isa = PBXSourcesBuildPhase;
			buildActionMask = 2147483647;
			files = (
			);
			runOnlyForDeploymentPostprocessing = 0;
		};
/* End PBXSourcesBuildPhase section */

/* Begin PBXTargetDependency section */
		0B9785DB2D892766000EB4FF /* PBXTargetDependency */ = {
			isa = PBXTargetDependency;
			target = 0B9785C12D892765000EB4FF /* FitMunity */;
			targetProxy = 0B9785DA2D892766000EB4FF /* PBXContainerItemProxy */;
		};
		0B9785E52D892766000EB4FF /* PBXTargetDependency */ = {
			isa = PBXTargetDependency;
			target = 0B9785C12D892765000EB4FF /* FitMunity */;
			targetProxy = 0B9785E42D892766000EB4FF /* PBXContainerItemProxy */;
		};
/* End PBXTargetDependency section */

/* Begin XCBuildConfiguration section */
		0B9785ED2D892766000EB4FF /* Debug */ = {
			isa = XCBuildConfiguration;
			buildSettings = {
				ASSETCATALOG_COMPILER_APPICON_NAME = AppIcon;
				ASSETCATALOG_COMPILER_GLOBAL_ACCENT_COLOR_NAME = AccentColor;
				CODE_SIGN_ENTITLEMENTS = "\U0010FitMunity/_FitMunity.entitlements";
				CODE_SIGN_STYLE = Automatic;
				CURRENT_PROJECT_VERSION = 1;
				DEVELOPMENT_ASSET_PATHS = "/Users/haoranjisun/Documents/GitHub/FitMunity_SwfitUI/\U0010FitMunity/\U0010FitMunity";
				ENABLE_PREVIEWS = YES;
				GENERATE_INFOPLIST_FILE = YES;
				INFOPLIST_FILE = "\U0010FitMunity/Info.plist";
				INFOPLIST_KEY_UIApplicationSceneManifest_Generation = YES;
				INFOPLIST_KEY_UIApplicationSupportsIndirectInputEvents = YES;
				INFOPLIST_KEY_UILaunchScreen_Generation = YES;
				INFOPLIST_KEY_UISupportedInterfaceOrientations_iPad = "UIInterfaceOrientationPortrait UIInterfaceOrientationPortraitUpsideDown UIInterfaceOrientationLandscapeLeft UIInterfaceOrientationLandscapeRight";
				INFOPLIST_KEY_UISupportedInterfaceOrientations_iPhone = "UIInterfaceOrientationPortrait UIInterfaceOrientationLandscapeLeft UIInterfaceOrientationLandscapeRight";
				LD_RUNPATH_SEARCH_PATHS = (
					"$(inherited)",
					"@executable_path/Frameworks",
				);
				MARKETING_VERSION = 1.0;
				PRODUCT_BUNDLE_IDENTIFIER = "com.FitMunity.FitMunitys.-FitMunity";
				PRODUCT_NAME = "$(TARGET_NAME)";
				SWIFT_EMIT_LOC_STRINGS = YES;
				SWIFT_VERSION = 5.0;
				TARGETED_DEVICE_FAMILY = "1,2";
			};
			name = Debug;
		};
		0B9785EE2D892766000EB4FF /* Release */ = {
			isa = XCBuildConfiguration;
			buildSettings = {
				ASSETCATALOG_COMPILER_APPICON_NAME = AppIcon;
				ASSETCATALOG_COMPILER_GLOBAL_ACCENT_COLOR_NAME = AccentColor;
				CODE_SIGN_ENTITLEMENTS = "\U0010FitMunity/_FitMunity.entitlements";
				CODE_SIGN_STYLE = Automatic;
				CURRENT_PROJECT_VERSION = 1;
				DEVELOPMENT_ASSET_PATHS = "/Users/haoranjisun/Documents/GitHub/FitMunity_SwfitUI/\U0010FitMunity/\U0010FitMunity";
				ENABLE_PREVIEWS = YES;
				GENERATE_INFOPLIST_FILE = YES;
				INFOPLIST_FILE = "\U0010FitMunity/Info.plist";
				INFOPLIST_KEY_UIApplicationSceneManifest_Generation = YES;
				INFOPLIST_KEY_UIApplicationSupportsIndirectInputEvents = YES;
				INFOPLIST_KEY_UILaunchScreen_Generation = YES;
				INFOPLIST_KEY_UISupportedInterfaceOrientations_iPad = "UIInterfaceOrientationPortrait UIInterfaceOrientationPortraitUpsideDown UIInterfaceOrientationLandscapeLeft UIInterfaceOrientationLandscapeRight";
				INFOPLIST_KEY_UISupportedInterfaceOrientations_iPhone = "UIInterfaceOrientationPortrait UIInterfaceOrientationLandscapeLeft UIInterfaceOrientationLandscapeRight";
				LD_RUNPATH_SEARCH_PATHS = (
					"$(inherited)",
					"@executable_path/Frameworks",
				);
				MARKETING_VERSION = 1.0;
				PRODUCT_BUNDLE_IDENTIFIER = "com.FitMunity.FitMunitys.-FitMunity";
				PRODUCT_NAME = "$(TARGET_NAME)";
				SWIFT_EMIT_LOC_STRINGS = YES;
				SWIFT_VERSION = 5.0;
				TARGETED_DEVICE_FAMILY = "1,2";
			};
			name = Release;
		};
		0B9785EF2D892766000EB4FF /* Debug */ = {
			isa = XCBuildConfiguration;
			buildSettings = {
				ALWAYS_SEARCH_USER_PATHS = NO;
				ASSETCATALOG_COMPILER_GENERATE_SWIFT_ASSET_SYMBOL_EXTENSIONS = YES;
				CLANG_ANALYZER_NONNULL = YES;
				CLANG_ANALYZER_NUMBER_OBJECT_CONVERSION = YES_AGGRESSIVE;
				CLANG_CXX_LANGUAGE_STANDARD = "gnu++20";
				CLANG_ENABLE_MODULES = YES;
				CLANG_ENABLE_OBJC_ARC = YES;
				CLANG_ENABLE_OBJC_WEAK = YES;
				CLANG_WARN_BLOCK_CAPTURE_AUTORELEASING = YES;
				CLANG_WARN_BOOL_CONVERSION = YES;
				CLANG_WARN_COMMA = YES;
				CLANG_WARN_CONSTANT_CONVERSION = YES;
				CLANG_WARN_DEPRECATED_OBJC_IMPLEMENTATIONS = YES;
				CLANG_WARN_DIRECT_OBJC_ISA_USAGE = YES_ERROR;
				CLANG_WARN_DOCUMENTATION_COMMENTS = YES;
				CLANG_WARN_EMPTY_BODY = YES;
				CLANG_WARN_ENUM_CONVERSION = YES;
				CLANG_WARN_INFINITE_RECURSION = YES;
				CLANG_WARN_INT_CONVERSION = YES;
				CLANG_WARN_NON_LITERAL_NULL_CONVERSION = YES;
				CLANG_WARN_OBJC_IMPLICIT_RETAIN_SELF = YES;
				CLANG_WARN_OBJC_LITERAL_CONVERSION = YES;
				CLANG_WARN_OBJC_ROOT_CLASS = YES_ERROR;
				CLANG_WARN_QUOTED_INCLUDE_IN_FRAMEWORK_HEADER = YES;
				CLANG_WARN_RANGE_LOOP_ANALYSIS = YES;
				CLANG_WARN_STRICT_PROTOTYPES = YES;
				CLANG_WARN_SUSPICIOUS_MOVE = YES;
				CLANG_WARN_UNGUARDED_AVAILABILITY = YES_AGGRESSIVE;
				CLANG_WARN_UNREACHABLE_CODE = YES;
				CLANG_WARN__DUPLICATE_METHOD_MATCH = YES;
				COPY_PHASE_STRIP = NO;
				DEBUG_INFORMATION_FORMAT = dwarf;
				ENABLE_STRICT_OBJC_MSGSEND = YES;
				ENABLE_TESTABILITY = YES;
				ENABLE_USER_SCRIPT_SANDBOXING = YES;
				GCC_C_LANGUAGE_STANDARD = gnu17;
				GCC_DYNAMIC_NO_PIC = NO;
				GCC_NO_COMMON_BLOCKS = YES;
				GCC_OPTIMIZATION_LEVEL = 0;
				GCC_PREPROCESSOR_DEFINITIONS = (
					"DEBUG=1",
					"$(inherited)",
				);
				GCC_WARN_64_TO_32_BIT_CONVERSION = YES;
				GCC_WARN_ABOUT_RETURN_TYPE = YES_ERROR;
				GCC_WARN_UNDECLARED_SELECTOR = YES;
				GCC_WARN_UNINITIALIZED_AUTOS = YES_AGGRESSIVE;
				GCC_WARN_UNUSED_FUNCTION = YES;
				GCC_WARN_UNUSED_VARIABLE = YES;
				IPHONEOS_DEPLOYMENT_TARGET = 18.2;
				LOCALIZATION_PREFERS_STRING_CATALOGS = YES;
				MTL_ENABLE_DEBUG_INFO = INCLUDE_SOURCE;
				MTL_FAST_MATH = YES;
				ONLY_ACTIVE_ARCH = YES;
				SDKROOT = iphoneos;
				SWIFT_ACTIVE_COMPILATION_CONDITIONS = "DEBUG $(inherited)";
				SWIFT_OPTIMIZATION_LEVEL = "-Onone";
			};
			name = Debug;
		};
		0B9785F02D892766000EB4FF /* Release */ = {
			isa = XCBuildConfiguration;
			buildSettings = {
				ALWAYS_SEARCH_USER_PATHS = NO;
				ASSETCATALOG_COMPILER_GENERATE_SWIFT_ASSET_SYMBOL_EXTENSIONS = YES;
				CLANG_ANALYZER_NONNULL = YES;
				CLANG_ANALYZER_NUMBER_OBJECT_CONVERSION = YES_AGGRESSIVE;
				CLANG_CXX_LANGUAGE_STANDARD = "gnu++20";
				CLANG_ENABLE_MODULES = YES;
				CLANG_ENABLE_OBJC_ARC = YES;
				CLANG_ENABLE_OBJC_WEAK = YES;
				CLANG_WARN_BLOCK_CAPTURE_AUTORELEASING = YES;
				CLANG_WARN_BOOL_CONVERSION = YES;
				CLANG_WARN_COMMA = YES;
				CLANG_WARN_CONSTANT_CONVERSION = YES;
				CLANG_WARN_DEPRECATED_OBJC_IMPLEMENTATIONS = YES;
				CLANG_WARN_DIRECT_OBJC_ISA_USAGE = YES_ERROR;
				CLANG_WARN_DOCUMENTATION_COMMENTS = YES;
				CLANG_WARN_EMPTY_BODY = YES;
				CLANG_WARN_ENUM_CONVERSION = YES;
				CLANG_WARN_INFINITE_RECURSION = YES;
				CLANG_WARN_INT_CONVERSION = YES;
				CLANG_WARN_NON_LITERAL_NULL_CONVERSION = YES;
				CLANG_WARN_OBJC_IMPLICIT_RETAIN_SELF = YES;
				CLANG_WARN_OBJC_LITERAL_CONVERSION = YES;
				CLANG_WARN_OBJC_ROOT_CLASS = YES_ERROR;
				CLANG_WARN_QUOTED_INCLUDE_IN_FRAMEWORK_HEADER = YES;
				CLANG_WARN_RANGE_LOOP_ANALYSIS = YES;
				CLANG_WARN_STRICT_PROTOTYPES = YES;
				CLANG_WARN_SUSPICIOUS_MOVE = YES;
				CLANG_WARN_UNGUARDED_AVAILABILITY = YES_AGGRESSIVE;
				CLANG_WARN_UNREACHABLE_CODE = YES;
				CLANG_WARN__DUPLICATE_METHOD_MATCH = YES;
				COPY_PHASE_STRIP = NO;
				DEBUG_INFORMATION_FORMAT = "dwarf-with-dsym";
				ENABLE_NS_ASSERTIONS = NO;
				ENABLE_STRICT_OBJC_MSGSEND = YES;
				ENABLE_USER_SCRIPT_SANDBOXING = YES;
				GCC_C_LANGUAGE_STANDARD = gnu17;
				GCC_NO_COMMON_BLOCKS = YES;
				GCC_WARN_64_TO_32_BIT_CONVERSION = YES;
				GCC_WARN_ABOUT_RETURN_TYPE = YES_ERROR;
				GCC_WARN_UNDECLARED_SELECTOR = YES;
				GCC_WARN_UNINITIALIZED_AUTOS = YES_AGGRESSIVE;
				GCC_WARN_UNUSED_FUNCTION = YES;
				GCC_WARN_UNUSED_VARIABLE = YES;
				IPHONEOS_DEPLOYMENT_TARGET = 18.2;
				LOCALIZATION_PREFERS_STRING_CATALOGS = YES;
				MTL_ENABLE_DEBUG_INFO = NO;
				MTL_FAST_MATH = YES;
				SDKROOT = iphoneos;
				SWIFT_COMPILATION_MODE = wholemodule;
				VALIDATE_PRODUCT = YES;
			};
			name = Release;
		};
		0B9785F22D892766000EB4FF /* Debug */ = {
			isa = XCBuildConfiguration;
			buildSettings = {
				BUNDLE_LOADER = "$(TEST_HOST)";
				CODE_SIGN_STYLE = Automatic;
				CURRENT_PROJECT_VERSION = 1;
				GENERATE_INFOPLIST_FILE = YES;
				IPHONEOS_DEPLOYMENT_TARGET = 18.2;
				MARKETING_VERSION = 1.0;
				PRODUCT_BUNDLE_IDENTIFIER = "com.FitMunity.FitMunitys.-FitMunityTests";
				PRODUCT_NAME = "$(TARGET_NAME)";
				SWIFT_EMIT_LOC_STRINGS = NO;
				SWIFT_VERSION = 5.0;
				TARGETED_DEVICE_FAMILY = "1,2";
				TEST_HOST = "$(BUILT_PRODUCTS_DIR)/\U0010FitMunity.app/$(BUNDLE_EXECUTABLE_FOLDER_PATH)/\U0010FitMunity";
			};
			name = Debug;
		};
		0B9785F32D892766000EB4FF /* Release */ = {
			isa = XCBuildConfiguration;
			buildSettings = {
				BUNDLE_LOADER = "$(TEST_HOST)";
				CODE_SIGN_STYLE = Automatic;
				CURRENT_PROJECT_VERSION = 1;
				GENERATE_INFOPLIST_FILE = YES;
				IPHONEOS_DEPLOYMENT_TARGET = 18.2;
				MARKETING_VERSION = 1.0;
				PRODUCT_BUNDLE_IDENTIFIER = "com.FitMunity.FitMunitys.-FitMunityTests";
				PRODUCT_NAME = "$(TARGET_NAME)";
				SWIFT_EMIT_LOC_STRINGS = NO;
				SWIFT_VERSION = 5.0;
				TARGETED_DEVICE_FAMILY = "1,2";
				TEST_HOST = "$(BUILT_PRODUCTS_DIR)/\U0010FitMunity.app/$(BUNDLE_EXECUTABLE_FOLDER_PATH)/\U0010FitMunity";
			};
			name = Release;
		};
		0B9785F52D892766000EB4FF /* Debug */ = {
			isa = XCBuildConfiguration;
			buildSettings = {
				CODE_SIGN_STYLE = Automatic;
				CURRENT_PROJECT_VERSION = 1;
				GENERATE_INFOPLIST_FILE = YES;
				MARKETING_VERSION = 1.0;
				PRODUCT_BUNDLE_IDENTIFIER = "com.FitMunity.FitMunitys.-FitMunityUITests";
				PRODUCT_NAME = "$(TARGET_NAME)";
				SWIFT_EMIT_LOC_STRINGS = NO;
				SWIFT_VERSION = 5.0;
				TARGETED_DEVICE_FAMILY = "1,2";
				TEST_TARGET_NAME = "\U0010FitMunity";
			};
			name = Debug;
		};
		0B9785F62D892766000EB4FF /* Release */ = {
			isa = XCBuildConfiguration;
			buildSettings = {
				CODE_SIGN_STYLE = Automatic;
				CURRENT_PROJECT_VERSION = 1;
				GENERATE_INFOPLIST_FILE = YES;
				MARKETING_VERSION = 1.0;
				PRODUCT_BUNDLE_IDENTIFIER = "com.FitMunity.FitMunitys.-FitMunityUITests";
				PRODUCT_NAME = "$(TARGET_NAME)";
				SWIFT_EMIT_LOC_STRINGS = NO;
				SWIFT_VERSION = 5.0;
				TARGETED_DEVICE_FAMILY = "1,2";
				TEST_TARGET_NAME = "\U0010FitMunity";
			};
			name = Release;
		};
/* End XCBuildConfiguration section */

/* Begin XCConfigurationList section */
		0B9785BD2D892765000EB4FF /* Build configuration list for PBXProject "FitMunity" */ = {
			isa = XCConfigurationList;
			buildConfigurations = (
				0B9785EF2D892766000EB4FF /* Debug */,
				0B9785F02D892766000EB4FF /* Release */,
			);
			defaultConfigurationIsVisible = 0;
			defaultConfigurationName = Release;
		};
		0B9785EC2D892766000EB4FF /* Build configuration list for PBXNativeTarget "FitMunity" */ = {
			isa = XCConfigurationList;
			buildConfigurations = (
				0B9785ED2D892766000EB4FF /* Debug */,
				0B9785EE2D892766000EB4FF /* Release */,
			);
			defaultConfigurationIsVisible = 0;
			defaultConfigurationName = Release;
		};
		0B9785F12D892766000EB4FF /* Build configuration list for PBXNativeTarget "FitMunityTests" */ = {
			isa = XCConfigurationList;
			buildConfigurations = (
				0B9785F22D892766000EB4FF /* Debug */,
				0B9785F32D892766000EB4FF /* Release */,
			);
			defaultConfigurationIsVisible = 0;
			defaultConfigurationName = Release;
		};
		0B9785F42D892766000EB4FF /* Build configuration list for PBXNativeTarget "FitMunityUITests" */ = {
			isa = XCConfigurationList;
			buildConfigurations = (
				0B9785F52D892766000EB4FF /* Debug */,
				0B9785F62D892766000EB4FF /* Release */,
			);
			defaultConfigurationIsVisible = 0;
			defaultConfigurationName = Release;
		};
/* End XCConfigurationList section */
	};
	rootObject = 0B9785BA2D892765000EB4FF /* Project object */;
}
